{
  "lockfileVersion": 1,
  "workspaces": {
    "": {
      "dependencies": {
        "@codama/nodes-from-anchor": "^1.2.9",
        "@codama/renderers-rust": "^1.2.7",
        "codama": "^1.3.7",
      },
    },
  },
  "packages": {
    "@codama/cli": ["@codama/cli@1.4.4", "", { "dependencies": { "@codama/nodes": "1.5.0", "@codama/visitors": "1.5.0", "@codama/visitors-core": "1.5.0", "commander": "^14.0.2", "picocolors": "^1.1.1", "prompts": "^2.4.2" }, "bin": { "codama": "bin/cli.cjs" } }, "sha512-0uLecW/RZC2c1wx3j/eiRAYvilvNY+2DoyEYu/hV0OfM1/uIgIyuy5U+wolV+LY4wLFYdApjYdy+5D32lngCHg=="],

    "@codama/errors": ["@codama/errors@1.5.0", "", { "dependencies": { "@codama/node-types": "1.5.0", "commander": "^14.0.2", "picocolors": "^1.1.1" }, "bin": { "errors": "bin/cli.cjs" } }, "sha512-i4cS+S7JaZXhofQHFY3cwzt8rqxUVPNaeJND5VOyKUbtcOi933YXJXk52gDG4mc+CpGqHJijsJjfSpr1lJGxzg=="],

    "@codama/node-types": ["@codama/node-types@1.5.0", "", {}, "sha512-Ebz2vOUukmNaFXWdkni1ZihXkAIUnPYtqIMXYxKXOxjMP+TGz2q0lGtRo7sqw1pc2ksFBIkfBp5pZsl5p6gwXA=="],

    "@codama/nodes": ["@codama/nodes@1.5.0", "", { "dependencies": { "@codama/errors": "1.5.0", "@codama/node-types": "1.5.0" } }, "sha512-yg+xmorWiMNjS3n19CGIt/FZ/ZCuDIu+HEY45bq6gHu1MN3RtJZY+Q3v0ErnBPA60D8mNWkvkKoeSZXfzcAvfw=="],

    "@codama/nodes-from-anchor": ["@codama/nodes-from-anchor@1.3.8", "", { "dependencies": { "@codama/errors": "1.5.0", "@codama/nodes": "1.5.0", "@codama/visitors": "1.5.0", "@noble/hashes": "^2.0.1", "@solana/codecs": "^5.1.0" } }, "sha512-+nGg7YcXbuqrKDFh/8KBRtR3PcR7bJr4w4jy9pNogHpM5CsDcTEa+fiPRHcYh3CgbaX86DgTfvkEw2dmgf+qzg=="],

    "@codama/renderers-core": ["@codama/renderers-core@1.3.5", "", { "dependencies": { "@codama/errors": "1.5.0", "@codama/nodes": "1.5.0", "@codama/visitors-core": "1.5.0" } }, "sha512-MuZLU+3LZPQb1HuZffwZl+v5JHQDe5LYHGhA1wTMNlwRedYIysSxBjogHNciNIHsKP3JjmqyYmLO5LCEp3hjaQ=="],

    "@codama/renderers-rust": ["@codama/renderers-rust@1.2.9", "", { "dependencies": { "@codama/errors": "^1.4.4", "@codama/nodes": "^1.4.4", "@codama/renderers-core": "^1.3.3", "@codama/visitors-core": "^1.4.4", "@solana/codecs-strings": "^5.0.0", "nunjucks": "^3.2.4" } }, "sha512-6sc/g8LYHEa3MFqakEBRJito/1liv1jE1b6P1gGRz7z84YiGscPKh0pbcELlLPxyLraNTBYSA6V9EXrj2LLvIA=="],

    "@codama/validators": ["@codama/validators@1.5.0", "", { "dependencies": { "@codama/errors": "1.5.0", "@codama/nodes": "1.5.0", "@codama/visitors-core": "1.5.0" } }, "sha512-p3ufDxnCH1jiuHGzcBv4/d+ctzUcKD2K3gX/W8169tC41o9DggjlEpNy1Z6YAAhVb3wHnmXVGA2qmp32rWSfWw=="],

    "@codama/visitors": ["@codama/visitors@1.5.0", "", { "dependencies": { "@codama/errors": "1.5.0", "@codama/nodes": "1.5.0", "@codama/visitors-core": "1.5.0" } }, "sha512-SwtQaleXxAaFz6uHygxki621q4nPUDQlnwEhsg+QKOjHpKWXjLYdJof+R8gUiTV/n7/IeNnjvxJTTNfUsvETPQ=="],

    "@codama/visitors-core": ["@codama/visitors-core@1.5.0", "", { "dependencies": { "@codama/errors": "1.5.0", "@codama/nodes": "1.5.0", "json-stable-stringify": "^1.3.0" } }, "sha512-3PIAlBX0a06hIxzyPtQMfQcqWGFBgfbwysSwcXBbvHUYbemwhD6xwlBKJuqTwm9DyFj3faStp5fpvcp03Rjxtw=="],

    "@noble/hashes": ["@noble/hashes@2.0.1", "", {}, "sha512-XlOlEbQcE9fmuXxrVTXCTlG2nlRXa9Rj3rr5Ue/+tX+nmkgbX720YHh0VR3hBF9xDvwnb8D2shVGOwNx+ulArw=="],

    "@solana/codecs": ["@solana/codecs@5.1.0", "", { "dependencies": { "@solana/codecs-core": "5.1.0", "@solana/codecs-data-structures": "5.1.0", "@solana/codecs-numbers": "5.1.0", "@solana/codecs-strings": "5.1.0", "@solana/options": "5.1.0" }, "peerDependencies": { "typescript": ">=5.3.3" } }, "sha512-krSuf/E2Sa/4oASZ/jb/5KGUG58m1/bQdLrKvBnoAFhYj7zZf+8V4UqHGTV5n2NCQfmMyORsg9n2saKjkUzo8w=="],

    "@solana/codecs-core": ["@solana/codecs-core@5.1.0", "", { "dependencies": { "@solana/errors": "5.1.0" }, "peerDependencies": { "typescript": ">=5.3.3" } }, "sha512-vDwi03mxWeWCS5Il6BCdNdifYdOoHVz97YOmbWGIt45b77Ivu5NUYeSD2+ccl6fSw8eYQ6QaqqKXMjbSfsXv4g=="],

    "@solana/codecs-data-structures": ["@solana/codecs-data-structures@5.1.0", "", { "dependencies": { "@solana/codecs-core": "5.1.0", "@solana/codecs-numbers": "5.1.0", "@solana/errors": "5.1.0" }, "peerDependencies": { "typescript": ">=5.3.3" } }, "sha512-ftAwL/jsurFrk9kFVhkTLdQ8fGZ8I0PcbVH+V1a0dIP2aKDofGePvK0XbwZE/ohizC9gEIZxyBX5IgRKk5PXyg=="],

    "@solana/codecs-numbers": ["@solana/codecs-numbers@5.1.0", "", { "dependencies": { "@solana/codecs-core": "5.1.0", "@solana/errors": "5.1.0" }, "peerDependencies": { "typescript": ">=5.3.3" } }, "sha512-Ea5/9yjDNOrDZcI40UGzzi6Aq1JNsmzM4m5pOk6Xb3JRZ0YdKOv/MwuCqb6jRgzZ7SQjHhkfGL43kHLJA++bOw=="],

    "@solana/codecs-strings": ["@solana/codecs-strings@5.1.0", "", { "dependencies": { "@solana/codecs-core": "5.1.0", "@solana/codecs-numbers": "5.1.0", "@solana/errors": "5.1.0" }, "peerDependencies": { "fastestsmallesttextencoderdecoder": "^1.0.22", "typescript": ">=5.3.3" }, "optionalPeers": ["fastestsmallesttextencoderdecoder"] }, "sha512-014xwl5T/3VnGW0gceizF47DUs5EURRtgGmbWIR5+Z32yxgQ6hT9Zl0atZbL268RHbUQ03/J8Ush1StQgy7sfQ=="],

    "@solana/errors": ["@solana/errors@5.1.0", "", { "dependencies": { "chalk": "5.6.2", "commander": "14.0.2" }, "peerDependencies": { "typescript": ">=5.3.3" }, "bin": { "errors": "bin/cli.mjs" } }, "sha512-JlTyekErWa6Fdcwu1Hrh+jZxjM4YxyorGCFDRVZlmHZFkp5N00DWKcYnSGZrTF8E6ZZEP9pfS2XwM8y7p7HPww=="],

    "@solana/options": ["@solana/options@5.1.0", "", { "dependencies": { "@solana/codecs-core": "5.1.0", "@solana/codecs-data-structures": "5.1.0", "@solana/codecs-numbers": "5.1.0", "@solana/codecs-strings": "5.1.0", "@solana/errors": "5.1.0" }, "peerDependencies": { "typescript": ">=5.3.3" } }, "sha512-PqgfALd0yhK+QFaYIbRFTV6hBpiy5xwdu07zSw1RLoNvt1sg+MRsRFDk9R8ZdEdiM69PY/cKiClVSjpNzLLcJg=="],

    "a-sync-waterfall": ["a-sync-waterfall@1.0.1", "", {}, "sha512-RYTOHHdWipFUliRFMCS4X2Yn2X8M87V/OpSqWzKKOGhzqyUxzyVmhHDH9sAvG+ZuQf/TAOFsLCpMw09I1ufUnA=="],

    "asap": ["asap@2.0.6", "", {}, "sha512-BSHWgDSAiKs50o2Re8ppvp3seVHXSRM44cdSsT9FfNEUUZLOGWVCsiWaRPWM1Znn+mqZ1OfVZ3z3DWEzSp7hRA=="],

    "call-bind": ["call-bind@1.0.8", "", { "dependencies": { "call-bind-apply-helpers": "^1.0.0", "es-define-property": "^1.0.0", "get-intrinsic": "^1.2.4", "set-function-length": "^1.2.2" } }, "sha512-oKlSFMcMwpUg2ednkhQ454wfWiU/ul3CkJe/PEHcTKuiX6RpbehUiFMXu13HalGZxfUwCQzZG747YXBn1im9ww=="],

    "call-bind-apply-helpers": ["call-bind-apply-helpers@1.0.2", "", { "dependencies": { "es-errors": "^1.3.0", "function-bind": "^1.1.2" } }, "sha512-Sp1ablJ0ivDkSzjcaJdxEunN5/XvksFJ2sMBFfq6x0ryhQV/2b/KwFe21cMpmHtPOSij8K99/wSfoEuTObmuMQ=="],

    "call-bound": ["call-bound@1.0.4", "", { "dependencies": { "call-bind-apply-helpers": "^1.0.2", "get-intrinsic": "^1.3.0" } }, "sha512-+ys997U96po4Kx/ABpBCqhA9EuxJaQWDQg7295H4hBphv3IZg0boBKuwYpt4YXp6MZ5AmZQnU/tyMTlRpaSejg=="],

    "chalk": ["chalk@5.6.2", "", {}, "sha512-7NzBL0rN6fMUW+f7A6Io4h40qQlG+xGmtMxfbnH/K7TAtt8JQWVQK+6g0UXKMeVJoyV5EkkNsErQ8pVD3bLHbA=="],

    "codama": ["codama@1.5.0", "", { "dependencies": { "@codama/cli": "1.4.4", "@codama/errors": "1.5.0", "@codama/nodes": "1.5.0", "@codama/validators": "1.5.0", "@codama/visitors": "1.5.0" }, "bin": { "codama": "bin/cli.cjs" } }, "sha512-hhfSzrOiDX3bV7QmJneEBsBk3ln4gIcMJs6P8BlEJ3EFI+P0QZaTT5W61o8Tq0/79hTZeyj0gP65HZ/LYJil+w=="],

    "commander": ["commander@14.0.2", "", {}, "sha512-TywoWNNRbhoD0BXs1P3ZEScW8W5iKrnbithIl0YH+uCmBd0QpPOA8yc82DS3BIE5Ma6FnBVUsJ7wVUDz4dvOWQ=="],

    "define-data-property": ["define-data-property@1.1.4", "", { "dependencies": { "es-define-property": "^1.0.0", "es-errors": "^1.3.0", "gopd": "^1.0.1" } }, "sha512-rBMvIzlpA8v6E+SJZoo++HAYqsLrkg7MSfIinMPFhmkorw7X+dOXVJQs+QT69zGkzMyfDnIMN2Wid1+NbL3T+A=="],

    "dunder-proto": ["dunder-proto@1.0.1", "", { "dependencies": { "call-bind-apply-helpers": "^1.0.1", "es-errors": "^1.3.0", "gopd": "^1.2.0" } }, "sha512-KIN/nDJBQRcXw0MLVhZE9iQHmG68qAVIBg9CqmUYjmQIhgij9U5MFvrqkUL5FbtyyzZuOeOt0zdeRe4UY7ct+A=="],

    "es-define-property": ["es-define-property@1.0.1", "", {}, "sha512-e3nRfgfUZ4rNGL232gUgX06QNyyez04KdjFrF+LTRoOXmrOgFKDg4BCdsjW8EnT69eqdYGmRpJwiPVYNrCaW3g=="],

    "es-errors": ["es-errors@1.3.0", "", {}, "sha512-Zf5H2Kxt2xjTvbJvP2ZWLEICxA6j+hAmMzIlypy4xcBg1vKVnx89Wy0GbS+kf5cwCVFFzdCFh2XSCFNULS6csw=="],

    "es-object-atoms": ["es-object-atoms@1.1.1", "", { "dependencies": { "es-errors": "^1.3.0" } }, "sha512-FGgH2h8zKNim9ljj7dankFPcICIK9Cp5bm+c2gQSYePhpaG5+esrLODihIorn+Pe6FGJzWhXQotPv73jTaldXA=="],

    "function-bind": ["function-bind@1.1.2", "", {}, "sha512-7XHNxH7qX9xG5mIwxkhumTox/MIRNcOgDrxWsMt2pAr23WHp6MrRlN7FBSFpCpr+oVO0F744iUgR82nJMfG2SA=="],

    "get-intrinsic": ["get-intrinsic@1.3.0", "", { "dependencies": { "call-bind-apply-helpers": "^1.0.2", "es-define-property": "^1.0.1", "es-errors": "^1.3.0", "es-object-atoms": "^1.1.1", "function-bind": "^1.1.2", "get-proto": "^1.0.1", "gopd": "^1.2.0", "has-symbols": "^1.1.0", "hasown": "^2.0.2", "math-intrinsics": "^1.1.0" } }, "sha512-9fSjSaos/fRIVIp+xSJlE6lfwhES7LNtKaCBIamHsjr2na1BiABJPo0mOjjz8GJDURarmCPGqaiVg5mfjb98CQ=="],

    "get-proto": ["get-proto@1.0.1", "", { "dependencies": { "dunder-proto": "^1.0.1", "es-object-atoms": "^1.0.0" } }, "sha512-sTSfBjoXBp89JvIKIefqw7U2CCebsc74kiY6awiGogKtoSGbgjYE/G/+l9sF3MWFPNc9IcoOC4ODfKHfxFmp0g=="],

    "gopd": ["gopd@1.2.0", "", {}, "sha512-ZUKRh6/kUFoAiTAtTYPZJ3hw9wNxx+BIBOijnlG9PnrJsCcSjs1wyyD6vJpaYtgnzDrKYRSqf3OO6Rfa93xsRg=="],

    "has-property-descriptors": ["has-property-descriptors@1.0.2", "", { "dependencies": { "es-define-property": "^1.0.0" } }, "sha512-55JNKuIW+vq4Ke1BjOTjM2YctQIvCT7GFzHwmfZPGo5wnrgkid0YQtnAleFSqumZm4az3n2BS+erby5ipJdgrg=="],

    "has-symbols": ["has-symbols@1.1.0", "", {}, "sha512-1cDNdwJ2Jaohmb3sg4OmKaMBwuC48sYni5HUw2DvsC8LjGTLK9h+eb1X6RyuOHe4hT0ULCW68iomhjUoKUqlPQ=="],

    "hasown": ["hasown@2.0.2", "", { "dependencies": { "function-bind": "^1.1.2" } }, "sha512-0hJU9SCPvmMzIBdZFqNPXWa6dqh7WdH0cII9y+CyS8rG3nL48Bclra9HmKhVVUHyPWNH5Y7xDwAB7bfgSjkUMQ=="],

    "isarray": ["isarray@2.0.5", "", {}, "sha512-xHjhDr3cNBK0BzdUJSPXZntQUx/mwMS5Rw4A7lPJ90XGAO6ISP/ePDNuo0vhqOZU+UD5JoodwCAAoZQd3FeAKw=="],

    "json-stable-stringify": ["json-stable-stringify@1.3.0", "", { "dependencies": { "call-bind": "^1.0.8", "call-bound": "^1.0.4", "isarray": "^2.0.5", "jsonify": "^0.0.1", "object-keys": "^1.1.1" } }, "sha512-qtYiSSFlwot9XHtF9bD9c7rwKjr+RecWT//ZnPvSmEjpV5mmPOCN4j8UjY5hbjNkOwZ/jQv3J6R1/pL7RwgMsg=="],

    "jsonify": ["jsonify@0.0.1", "", {}, "sha512-2/Ki0GcmuqSrgFyelQq9M05y7PS0mEwuIzrf3f1fPqkVDVRvZrPZtVSMHxdgo8Aq0sxAOb/cr2aqqA3LeWHVPg=="],

    "kleur": ["kleur@3.0.3", "", {}, "sha512-eTIzlVOSUR+JxdDFepEYcBMtZ9Qqdef+rnzWdRZuMbOywu5tO2w2N7rqjoANZ5k9vywhL6Br1VRjUIgTQx4E8w=="],

    "math-intrinsics": ["math-intrinsics@1.1.0", "", {}, "sha512-/IXtbwEk5HTPyEwyKX6hGkYXxM9nbj64B+ilVJnC/R6B0pH5G4V3b0pVbL7DBj4tkhBAppbQUlf6F6Xl9LHu1g=="],

    "nunjucks": ["nunjucks@3.2.4", "", { "dependencies": { "a-sync-waterfall": "^1.0.0", "asap": "^2.0.3", "commander": "^5.1.0" }, "peerDependencies": { "chokidar": "^3.3.0" }, "optionalPeers": ["chokidar"], "bin": { "nunjucks-precompile": "bin/precompile" } }, "sha512-26XRV6BhkgK0VOxfbU5cQI+ICFUtMLixv1noZn1tGU38kQH5A5nmmbk/O45xdyBhD1esk47nKrY0mvQpZIhRjQ=="],

    "object-keys": ["object-keys@1.1.1", "", {}, "sha512-NuAESUOUMrlIXOfHKzD6bpPu3tYt3xvjNdRIQ+FeT0lNb4K8WR70CaDxhuNguS2XG+GjkyMwOzsN5ZktImfhLA=="],

    "picocolors": ["picocolors@1.1.1", "", {}, "sha512-xceH2snhtb5M9liqDsmEw56le376mTZkEX/jEb/RxNFyegNul7eNslCXP9FDj/Lcu0X8KEyMceP2ntpaHrDEVA=="],

    "prompts": ["prompts@2.4.2", "", { "dependencies": { "kleur": "^3.0.3", "sisteransi": "^1.0.5" } }, "sha512-NxNv/kLguCA7p3jE8oL2aEBsrJWgAakBpgmgK6lpPWV+WuOmY6r2/zbAVnP+T8bQlA0nzHXSJSJW0Hq7ylaD2Q=="],

    "set-function-length": ["set-function-length@1.2.2", "", { "dependencies": { "define-data-property": "^1.1.4", "es-errors": "^1.3.0", "function-bind": "^1.1.2", "get-intrinsic": "^1.2.4", "gopd": "^1.0.1", "has-property-descriptors": "^1.0.2" } }, "sha512-pgRc4hJ4/sNjWCSS9AmnS40x3bNMDTknHgL5UaMBTMyJnU90EgWh1Rz+MC9eFu4BuN/UwZjKQuY/1v3rM7HMfg=="],

    "sisteransi": ["sisteransi@1.0.5", "", {}, "sha512-bLGGlR1QxBcynn2d5YmDX4MGjlZvy2MRBDRNHLJ8VI6l6+9FUiyTFNJ0IveOSP0bcXgVDPRcfGqA0pjaqUpfVg=="],

    "typescript": ["typescript@5.9.3", "", { "bin": { "tsc": "bin/tsc", "tsserver": "bin/tsserver" } }, "sha512-jl1vZzPDinLr9eUt3J/t7V6FgNEw9QjvBPdysz9KfQDD41fQrC2Y4vKQdiaUpFT4bXlb1RHhLpp8wtm6M5TgSw=="],

    "nunjucks/commander": ["commander@5.1.0", "", {}, "sha512-P0CysNDQ7rtVw4QIQtm+MRxV66vKFSvlsQvGYXZWR3qFU0jlMKHZZZgw8e+8DSah4UDKMqnknRDQz+xuQXQ/Zg=="],
  }
}
